// !$*UTF8*$!
{
	archiveVersion = 1;
	classes = {
	};
	objectVersion = 56;
	objects = {

/* Begin PBXBuildFile section */
		012661BE49A17C6C15F6AEEB /* Pods_HearthstoneTests.framework in Frameworks */ = {isa = PBXBuildFile; fileRef = CBDCCD7813C345BA116C6710 /* Pods_HearthstoneTests.framework */; };
		1483958E2A664F20007B3704 /* AppDelegate.swift in Sources */ = {isa = PBXBuildFile; fileRef = 1483958D2A664F20007B3704 /* AppDelegate.swift */; };
		148395902A664F20007B3704 /* SceneDelegate.swift in Sources */ = {isa = PBXBuildFile; fileRef = 1483958F2A664F20007B3704 /* SceneDelegate.swift */; };
		148395972A664F24007B3704 /* Assets.xcassets in Resources */ = {isa = PBXBuildFile; fileRef = 148395962A664F24007B3704 /* Assets.xcassets */; };
		1483959A2A664F24007B3704 /* LaunchScreen.storyboard in Resources */ = {isa = PBXBuildFile; fileRef = 148395982A664F24007B3704 /* LaunchScreen.storyboard */; };
		148395A52A664F24007B3704 /* HearthstoneTests.swift in Sources */ = {isa = PBXBuildFile; fileRef = 148395A42A664F24007B3704 /* HearthstoneTests.swift */; };
		148395AF2A664F24007B3704 /* HearthstoneUITests.swift in Sources */ = {isa = PBXBuildFile; fileRef = 148395AE2A664F24007B3704 /* HearthstoneUITests.swift */; };
		148395B12A664F24007B3704 /* HearthstoneUITestsLaunchTests.swift in Sources */ = {isa = PBXBuildFile; fileRef = 148395B02A664F24007B3704 /* HearthstoneUITestsLaunchTests.swift */; };
		148395D22A6654B2007B3704 /* HomePresenter.swift in Sources */ = {isa = PBXBuildFile; fileRef = 148395CC2A6654B2007B3704 /* HomePresenter.swift */; };
		148395D32A6654B2007B3704 /* HomeWorker.swift in Sources */ = {isa = PBXBuildFile; fileRef = 148395CD2A6654B2007B3704 /* HomeWorker.swift */; };
		148395D42A6654B2007B3704 /* HomeRouter.swift in Sources */ = {isa = PBXBuildFile; fileRef = 148395CE2A6654B2007B3704 /* HomeRouter.swift */; };
		148395D52A6654B2007B3704 /* HomeModels.swift in Sources */ = {isa = PBXBuildFile; fileRef = 148395CF2A6654B2007B3704 /* HomeModels.swift */; };
		148395D62A6654B2007B3704 /* HomeViewController.swift in Sources */ = {isa = PBXBuildFile; fileRef = 148395D02A6654B2007B3704 /* HomeViewController.swift */; };
		148395D72A6654B2007B3704 /* HomeInteractor.swift in Sources */ = {isa = PBXBuildFile; fileRef = 148395D12A6654B2007B3704 /* HomeInteractor.swift */; };
		148395E02A6654DD007B3704 /* DetailsPresenter.swift in Sources */ = {isa = PBXBuildFile; fileRef = 148395DA2A6654DD007B3704 /* DetailsPresenter.swift */; };
		148395E12A6654DD007B3704 /* DetailsWorker.swift in Sources */ = {isa = PBXBuildFile; fileRef = 148395DB2A6654DD007B3704 /* DetailsWorker.swift */; };
		148395E22A6654DD007B3704 /* DetailsRouter.swift in Sources */ = {isa = PBXBuildFile; fileRef = 148395DC2A6654DD007B3704 /* DetailsRouter.swift */; };
		148395E32A6654DD007B3704 /* DetailsModels.swift in Sources */ = {isa = PBXBuildFile; fileRef = 148395DD2A6654DD007B3704 /* DetailsModels.swift */; };
		148395E42A6654DD007B3704 /* DetailsViewController.swift in Sources */ = {isa = PBXBuildFile; fileRef = 148395DE2A6654DD007B3704 /* DetailsViewController.swift */; };
		148395E52A6654DD007B3704 /* DetailsInteractor.swift in Sources */ = {isa = PBXBuildFile; fileRef = 148395DF2A6654DD007B3704 /* DetailsInteractor.swift */; };
		148395E82A665834007B3704 /* NetworkProviderProtocol.swift in Sources */ = {isa = PBXBuildFile; fileRef = 148395E72A665834007B3704 /* NetworkProviderProtocol.swift */; };
		148395EA2A66590A007B3704 /* AllCardsEndpoint.swift in Sources */ = {isa = PBXBuildFile; fileRef = 148395E92A66590A007B3704 /* AllCardsEndpoint.swift */; };
		148395EC2A665A01007B3704 /* NetworkError.swift in Sources */ = {isa = PBXBuildFile; fileRef = 148395EB2A665A01007B3704 /* NetworkError.swift */; };
		148395EE2A665A25007B3704 /* NetworkProvider.swift in Sources */ = {isa = PBXBuildFile; fileRef = 148395ED2A665A25007B3704 /* NetworkProvider.swift */; };
		148395F42A6A3046007B3704 /* UIView+Extensions.swift in Sources */ = {isa = PBXBuildFile; fileRef = 148395F32A6A3046007B3704 /* UIView+Extensions.swift */; };
		148395F62A6A3B45007B3704 /* Bundle+Extensions.swift in Sources */ = {isa = PBXBuildFile; fileRef = 148395F52A6A3B45007B3704 /* Bundle+Extensions.swift */; };
		148395F92A6A508D007B3704 /* CardCollectionViewCell.swift in Sources */ = {isa = PBXBuildFile; fileRef = 148395F82A6A508D007B3704 /* CardCollectionViewCell.swift */; };
		1E2B07936568493899D63C62 /* Pods_Hearthstone.framework in Frameworks */ = {isa = PBXBuildFile; fileRef = 6E19B065E4F4855DDDCB07CE /* Pods_Hearthstone.framework */; };
		C830E42A05999F2E1342E8C1 /* Pods_Hearthstone_HearthstoneUITests.framework in Frameworks */ = {isa = PBXBuildFile; fileRef = 7B7FC1A26FF12663BE752D10 /* Pods_Hearthstone_HearthstoneUITests.framework */; };
/* End PBXBuildFile section */

/* Begin PBXContainerItemProxy section */
		148395A12A664F24007B3704 /* PBXContainerItemProxy */ = {
			isa = PBXContainerItemProxy;
			containerPortal = 148395822A664F20007B3704 /* Project object */;
			proxyType = 1;
			remoteGlobalIDString = 148395892A664F20007B3704;
			remoteInfo = Hearthstone;
		};
		148395AB2A664F24007B3704 /* PBXContainerItemProxy */ = {
			isa = PBXContainerItemProxy;
			containerPortal = 148395822A664F20007B3704 /* Project object */;
			proxyType = 1;
			remoteGlobalIDString = 148395892A664F20007B3704;
			remoteInfo = Hearthstone;
		};
/* End PBXContainerItemProxy section */

/* Begin PBXFileReference section */
		059738D96F218390AD996A0C /* Pods-Hearthstone-HearthstoneUITests.release.xcconfig */ = {isa = PBXFileReference; includeInIndex = 1; lastKnownFileType = text.xcconfig; name = "Pods-Hearthstone-HearthstoneUITests.release.xcconfig"; path = "Target Support Files/Pods-Hearthstone-HearthstoneUITests/Pods-Hearthstone-HearthstoneUITests.release.xcconfig"; sourceTree = "<group>"; };
		0BB265AFBA70FAC63148275B /* Pods-Hearthstone.debug.xcconfig */ = {isa = PBXFileReference; includeInIndex = 1; lastKnownFileType = text.xcconfig; name = "Pods-Hearthstone.debug.xcconfig"; path = "Target Support Files/Pods-Hearthstone/Pods-Hearthstone.debug.xcconfig"; sourceTree = "<group>"; };
		1483958A2A664F20007B3704 /* Hearthstone.app */ = {isa = PBXFileReference; explicitFileType = wrapper.application; includeInIndex = 0; path = Hearthstone.app; sourceTree = BUILT_PRODUCTS_DIR; };
		1483958D2A664F20007B3704 /* AppDelegate.swift */ = {isa = PBXFileReference; lastKnownFileType = sourcecode.swift; path = AppDelegate.swift; sourceTree = "<group>"; };
		1483958F2A664F20007B3704 /* SceneDelegate.swift */ = {isa = PBXFileReference; lastKnownFileType = sourcecode.swift; path = SceneDelegate.swift; sourceTree = "<group>"; };
		148395962A664F24007B3704 /* Assets.xcassets */ = {isa = PBXFileReference; lastKnownFileType = folder.assetcatalog; path = Assets.xcassets; sourceTree = "<group>"; };
		148395992A664F24007B3704 /* Base */ = {isa = PBXFileReference; lastKnownFileType = file.storyboard; name = Base; path = Base.lproj/LaunchScreen.storyboard; sourceTree = "<group>"; };
		1483959B2A664F24007B3704 /* Info.plist */ = {isa = PBXFileReference; lastKnownFileType = text.plist.xml; path = Info.plist; sourceTree = "<group>"; };
		148395A02A664F24007B3704 /* HearthstoneTests.xctest */ = {isa = PBXFileReference; explicitFileType = wrapper.cfbundle; includeInIndex = 0; path = HearthstoneTests.xctest; sourceTree = BUILT_PRODUCTS_DIR; };
		148395A42A664F24007B3704 /* HearthstoneTests.swift */ = {isa = PBXFileReference; lastKnownFileType = sourcecode.swift; path = HearthstoneTests.swift; sourceTree = "<group>"; };
		148395AA2A664F24007B3704 /* HearthstoneUITests.xctest */ = {isa = PBXFileReference; explicitFileType = wrapper.cfbundle; includeInIndex = 0; path = HearthstoneUITests.xctest; sourceTree = BUILT_PRODUCTS_DIR; };
		148395AE2A664F24007B3704 /* HearthstoneUITests.swift */ = {isa = PBXFileReference; lastKnownFileType = sourcecode.swift; path = HearthstoneUITests.swift; sourceTree = "<group>"; };
		148395B02A664F24007B3704 /* HearthstoneUITestsLaunchTests.swift */ = {isa = PBXFileReference; lastKnownFileType = sourcecode.swift; path = HearthstoneUITestsLaunchTests.swift; sourceTree = "<group>"; };
		148395CC2A6654B2007B3704 /* HomePresenter.swift */ = {isa = PBXFileReference; lastKnownFileType = sourcecode.swift; path = HomePresenter.swift; sourceTree = "<group>"; };
		148395CD2A6654B2007B3704 /* HomeWorker.swift */ = {isa = PBXFileReference; lastKnownFileType = sourcecode.swift; path = HomeWorker.swift; sourceTree = "<group>"; };
		148395CE2A6654B2007B3704 /* HomeRouter.swift */ = {isa = PBXFileReference; lastKnownFileType = sourcecode.swift; path = HomeRouter.swift; sourceTree = "<group>"; };
		148395CF2A6654B2007B3704 /* HomeModels.swift */ = {isa = PBXFileReference; lastKnownFileType = sourcecode.swift; path = HomeModels.swift; sourceTree = "<group>"; };
		148395D02A6654B2007B3704 /* HomeViewController.swift */ = {isa = PBXFileReference; lastKnownFileType = sourcecode.swift; path = HomeViewController.swift; sourceTree = "<group>"; };
		148395D12A6654B2007B3704 /* HomeInteractor.swift */ = {isa = PBXFileReference; lastKnownFileType = sourcecode.swift; path = HomeInteractor.swift; sourceTree = "<group>"; };
		148395DA2A6654DD007B3704 /* DetailsPresenter.swift */ = {isa = PBXFileReference; lastKnownFileType = sourcecode.swift; path = DetailsPresenter.swift; sourceTree = "<group>"; };
		148395DB2A6654DD007B3704 /* DetailsWorker.swift */ = {isa = PBXFileReference; lastKnownFileType = sourcecode.swift; path = DetailsWorker.swift; sourceTree = "<group>"; };
		148395DC2A6654DD007B3704 /* DetailsRouter.swift */ = {isa = PBXFileReference; lastKnownFileType = sourcecode.swift; path = DetailsRouter.swift; sourceTree = "<group>"; };
		148395DD2A6654DD007B3704 /* DetailsModels.swift */ = {isa = PBXFileReference; lastKnownFileType = sourcecode.swift; path = DetailsModels.swift; sourceTree = "<group>"; };
		148395DE2A6654DD007B3704 /* DetailsViewController.swift */ = {isa = PBXFileReference; lastKnownFileType = sourcecode.swift; path = DetailsViewController.swift; sourceTree = "<group>"; };
		148395DF2A6654DD007B3704 /* DetailsInteractor.swift */ = {isa = PBXFileReference; lastKnownFileType = sourcecode.swift; path = DetailsInteractor.swift; sourceTree = "<group>"; };
		148395E72A665834007B3704 /* NetworkProviderProtocol.swift */ = {isa = PBXFileReference; lastKnownFileType = sourcecode.swift; path = NetworkProviderProtocol.swift; sourceTree = "<group>"; };
		148395E92A66590A007B3704 /* AllCardsEndpoint.swift */ = {isa = PBXFileReference; lastKnownFileType = sourcecode.swift; path = AllCardsEndpoint.swift; sourceTree = "<group>"; };
		148395EB2A665A01007B3704 /* NetworkError.swift */ = {isa = PBXFileReference; lastKnownFileType = sourcecode.swift; path = NetworkError.swift; sourceTree = "<group>"; };
		148395ED2A665A25007B3704 /* NetworkProvider.swift */ = {isa = PBXFileReference; lastKnownFileType = sourcecode.swift; path = NetworkProvider.swift; sourceTree = "<group>"; };
		148395F32A6A3046007B3704 /* UIView+Extensions.swift */ = {isa = PBXFileReference; lastKnownFileType = sourcecode.swift; path = "UIView+Extensions.swift"; sourceTree = "<group>"; };
		148395F52A6A3B45007B3704 /* Bundle+Extensions.swift */ = {isa = PBXFileReference; lastKnownFileType = sourcecode.swift; path = "Bundle+Extensions.swift"; sourceTree = "<group>"; };
		148395F82A6A508D007B3704 /* CardCollectionViewCell.swift */ = {isa = PBXFileReference; lastKnownFileType = sourcecode.swift; path = CardCollectionViewCell.swift; sourceTree = "<group>"; };
		35944560623E930235B00E9B /* Pods-Hearthstone.release.xcconfig */ = {isa = PBXFileReference; includeInIndex = 1; lastKnownFileType = text.xcconfig; name = "Pods-Hearthstone.release.xcconfig"; path = "Target Support Files/Pods-Hearthstone/Pods-Hearthstone.release.xcconfig"; sourceTree = "<group>"; };
		3FB3ED9535A805F8AA636C46 /* Pods-Hearthstone-HearthstoneUITests.debug.xcconfig */ = {isa = PBXFileReference; includeInIndex = 1; lastKnownFileType = text.xcconfig; name = "Pods-Hearthstone-HearthstoneUITests.debug.xcconfig"; path = "Target Support Files/Pods-Hearthstone-HearthstoneUITests/Pods-Hearthstone-HearthstoneUITests.debug.xcconfig"; sourceTree = "<group>"; };
		5A90C0B50EF2E80699581690 /* Pods-HearthstoneTests.debug.xcconfig */ = {isa = PBXFileReference; includeInIndex = 1; lastKnownFileType = text.xcconfig; name = "Pods-HearthstoneTests.debug.xcconfig"; path = "Target Support Files/Pods-HearthstoneTests/Pods-HearthstoneTests.debug.xcconfig"; sourceTree = "<group>"; };
		6E19B065E4F4855DDDCB07CE /* Pods_Hearthstone.framework */ = {isa = PBXFileReference; explicitFileType = wrapper.framework; includeInIndex = 0; path = Pods_Hearthstone.framework; sourceTree = BUILT_PRODUCTS_DIR; };
		7B7FC1A26FF12663BE752D10 /* Pods_Hearthstone_HearthstoneUITests.framework */ = {isa = PBXFileReference; explicitFileType = wrapper.framework; includeInIndex = 0; path = Pods_Hearthstone_HearthstoneUITests.framework; sourceTree = BUILT_PRODUCTS_DIR; };
		8C7368D4A07FB1A617B2DF56 /* Pods-HearthstoneTests.release.xcconfig */ = {isa = PBXFileReference; includeInIndex = 1; lastKnownFileType = text.xcconfig; name = "Pods-HearthstoneTests.release.xcconfig"; path = "Target Support Files/Pods-HearthstoneTests/Pods-HearthstoneTests.release.xcconfig"; sourceTree = "<group>"; };
		CBDCCD7813C345BA116C6710 /* Pods_HearthstoneTests.framework */ = {isa = PBXFileReference; explicitFileType = wrapper.framework; includeInIndex = 0; path = Pods_HearthstoneTests.framework; sourceTree = BUILT_PRODUCTS_DIR; };
/* End PBXFileReference section */

/* Begin PBXFrameworksBuildPhase section */
		148395872A664F20007B3704 /* Frameworks */ = {
			isa = PBXFrameworksBuildPhase;
			buildActionMask = 2147483647;
			files = (
				1E2B07936568493899D63C62 /* Pods_Hearthstone.framework in Frameworks */,
			);
			runOnlyForDeploymentPostprocessing = 0;
		};
		1483959D2A664F24007B3704 /* Frameworks */ = {
			isa = PBXFrameworksBuildPhase;
			buildActionMask = 2147483647;
			files = (
				012661BE49A17C6C15F6AEEB /* Pods_HearthstoneTests.framework in Frameworks */,
			);
			runOnlyForDeploymentPostprocessing = 0;
		};
		148395A72A664F24007B3704 /* Frameworks */ = {
			isa = PBXFrameworksBuildPhase;
			buildActionMask = 2147483647;
			files = (
				C830E42A05999F2E1342E8C1 /* Pods_Hearthstone_HearthstoneUITests.framework in Frameworks */,
			);
			runOnlyForDeploymentPostprocessing = 0;
		};
/* End PBXFrameworksBuildPhase section */

/* Begin PBXGroup section */
		148395812A664F20007B3704 = {
			isa = PBXGroup;
			children = (
				1483958C2A664F20007B3704 /* Hearthstone */,
				148395A32A664F24007B3704 /* HearthstoneTests */,
				148395AD2A664F24007B3704 /* HearthstoneUITests */,
				1483958B2A664F20007B3704 /* Products */,
				38387A11C97C72E6F4ECC20B /* Pods */,
				B0576B408F9086FE26FFB75F /* Frameworks */,
			);
			sourceTree = "<group>";
		};
		1483958B2A664F20007B3704 /* Products */ = {
			isa = PBXGroup;
			children = (
				1483958A2A664F20007B3704 /* Hearthstone.app */,
				148395A02A664F24007B3704 /* HearthstoneTests.xctest */,
				148395AA2A664F24007B3704 /* HearthstoneUITests.xctest */,
			);
			name = Products;
			sourceTree = "<group>";
		};
		1483958C2A664F20007B3704 /* Hearthstone */ = {
			isa = PBXGroup;
			children = (
				148395CB2A664F8E007B3704 /* Application */,
				148395E62A66581C007B3704 /* Networking */,
				148395CA2A664F80007B3704 /* Resources */,
				148395C92A664F5F007B3704 /* Scenes */,
				148395F22A6A301A007B3704 /* Extensions */,
			);
			path = Hearthstone;
			sourceTree = "<group>";
		};
		148395A32A664F24007B3704 /* HearthstoneTests */ = {
			isa = PBXGroup;
			children = (
				148395A42A664F24007B3704 /* HearthstoneTests.swift */,
			);
			path = HearthstoneTests;
			sourceTree = "<group>";
		};
		148395AD2A664F24007B3704 /* HearthstoneUITests */ = {
			isa = PBXGroup;
			children = (
				148395AE2A664F24007B3704 /* HearthstoneUITests.swift */,
				148395B02A664F24007B3704 /* HearthstoneUITestsLaunchTests.swift */,
			);
			path = HearthstoneUITests;
			sourceTree = "<group>";
		};
		148395C92A664F5F007B3704 /* Scenes */ = {
			isa = PBXGroup;
			children = (
				148395D82A6654BA007B3704 /* Home */,
				148395D92A6654C7007B3704 /* Details */,
			);
			path = Scenes;
			sourceTree = "<group>";
		};
		148395CA2A664F80007B3704 /* Resources */ = {
			isa = PBXGroup;
			children = (
				148395962A664F24007B3704 /* Assets.xcassets */,
				148395982A664F24007B3704 /* LaunchScreen.storyboard */,
				1483959B2A664F24007B3704 /* Info.plist */,
			);
			path = Resources;
			sourceTree = "<group>";
		};
		148395CB2A664F8E007B3704 /* Application */ = {
			isa = PBXGroup;
			children = (
				1483958D2A664F20007B3704 /* AppDelegate.swift */,
				1483958F2A664F20007B3704 /* SceneDelegate.swift */,
			);
			path = Application;
			sourceTree = "<group>";
		};
		148395D82A6654BA007B3704 /* Home */ = {
			isa = PBXGroup;
			children = (
				148395F72A6A504B007B3704 /* View */,
				148395CC2A6654B2007B3704 /* HomePresenter.swift */,
				148395CD2A6654B2007B3704 /* HomeWorker.swift */,
				148395CE2A6654B2007B3704 /* HomeRouter.swift */,
				148395CF2A6654B2007B3704 /* HomeModels.swift */,
				148395D02A6654B2007B3704 /* HomeViewController.swift */,
				148395D12A6654B2007B3704 /* HomeInteractor.swift */,
			);
			path = Home;
			sourceTree = "<group>";
		};
		148395D92A6654C7007B3704 /* Details */ = {
			isa = PBXGroup;
			children = (
				148395DA2A6654DD007B3704 /* DetailsPresenter.swift */,
				148395DB2A6654DD007B3704 /* DetailsWorker.swift */,
				148395DC2A6654DD007B3704 /* DetailsRouter.swift */,
				148395DD2A6654DD007B3704 /* DetailsModels.swift */,
				148395DE2A6654DD007B3704 /* DetailsViewController.swift */,
				148395DF2A6654DD007B3704 /* DetailsInteractor.swift */,
			);
			path = Details;
			sourceTree = "<group>";
		};
		148395E62A66581C007B3704 /* Networking */ = {
			isa = PBXGroup;
			children = (
				148395E92A66590A007B3704 /* AllCardsEndpoint.swift */,
				148395E72A665834007B3704 /* NetworkProviderProtocol.swift */,
				148395EB2A665A01007B3704 /* NetworkError.swift */,
				148395ED2A665A25007B3704 /* NetworkProvider.swift */,
			);
			path = Networking;
			sourceTree = "<group>";
		};
		148395F22A6A301A007B3704 /* Extensions */ = {
			isa = PBXGroup;
			children = (
				148395F32A6A3046007B3704 /* UIView+Extensions.swift */,
				148395F52A6A3B45007B3704 /* Bundle+Extensions.swift */,
			);
			path = Extensions;
			sourceTree = "<group>";
		};
		148395F72A6A504B007B3704 /* View */ = {
			isa = PBXGroup;
			children = (
				148395F82A6A508D007B3704 /* CardCollectionViewCell.swift */,
			);
			path = View;
			sourceTree = "<group>";
		};
		38387A11C97C72E6F4ECC20B /* Pods */ = {
			isa = PBXGroup;
			children = (
				0BB265AFBA70FAC63148275B /* Pods-Hearthstone.debug.xcconfig */,
				35944560623E930235B00E9B /* Pods-Hearthstone.release.xcconfig */,
				3FB3ED9535A805F8AA636C46 /* Pods-Hearthstone-HearthstoneUITests.debug.xcconfig */,
				059738D96F218390AD996A0C /* Pods-Hearthstone-HearthstoneUITests.release.xcconfig */,
				5A90C0B50EF2E80699581690 /* Pods-HearthstoneTests.debug.xcconfig */,
				8C7368D4A07FB1A617B2DF56 /* Pods-HearthstoneTests.release.xcconfig */,
			);
			path = Pods;
			sourceTree = "<group>";
		};
		B0576B408F9086FE26FFB75F /* Frameworks */ = {
			isa = PBXGroup;
			children = (
				6E19B065E4F4855DDDCB07CE /* Pods_Hearthstone.framework */,
				7B7FC1A26FF12663BE752D10 /* Pods_Hearthstone_HearthstoneUITests.framework */,
				CBDCCD7813C345BA116C6710 /* Pods_HearthstoneTests.framework */,
			);
			name = Frameworks;
			sourceTree = "<group>";
		};
/* End PBXGroup section */

/* Begin PBXNativeTarget section */
		148395892A664F20007B3704 /* Hearthstone */ = {
			isa = PBXNativeTarget;
			buildConfigurationList = 148395B42A664F24007B3704 /* Build configuration list for PBXNativeTarget "Hearthstone" */;
			buildPhases = (
				759A00B6BEBB8310689F02E7 /* [CP] Check Pods Manifest.lock */,
				148395862A664F20007B3704 /* Sources */,
				148395872A664F20007B3704 /* Frameworks */,
				148395882A664F20007B3704 /* Resources */,
				12DF84035392A3AEEA71AB92 /* [CP] Embed Pods Frameworks */,
			);
			buildRules = (
			);
			dependencies = (
			);
			name = Hearthstone;
			productName = Hearthstone;
			productReference = 1483958A2A664F20007B3704 /* Hearthstone.app */;
			productType = "com.apple.product-type.application";
		};
		1483959F2A664F24007B3704 /* HearthstoneTests */ = {
			isa = PBXNativeTarget;
			buildConfigurationList = 148395B72A664F24007B3704 /* Build configuration list for PBXNativeTarget "HearthstoneTests" */;
			buildPhases = (
				EC73CF4305C780F000A20CF7 /* [CP] Check Pods Manifest.lock */,
				1483959C2A664F24007B3704 /* Sources */,
				1483959D2A664F24007B3704 /* Frameworks */,
				1483959E2A664F24007B3704 /* Resources */,
				80D04D41BDB7BBEF956E55EA /* [CP] Embed Pods Frameworks */,
			);
			buildRules = (
			);
			dependencies = (
				148395A22A664F24007B3704 /* PBXTargetDependency */,
			);
			name = HearthstoneTests;
			productName = HearthstoneTests;
			productReference = 148395A02A664F24007B3704 /* HearthstoneTests.xctest */;
			productType = "com.apple.product-type.bundle.unit-test";
		};
		148395A92A664F24007B3704 /* HearthstoneUITests */ = {
			isa = PBXNativeTarget;
			buildConfigurationList = 148395BA2A664F24007B3704 /* Build configuration list for PBXNativeTarget "HearthstoneUITests" */;
			buildPhases = (
				F3D193533F100DC353F4C27F /* [CP] Check Pods Manifest.lock */,
				148395A62A664F24007B3704 /* Sources */,
				148395A72A664F24007B3704 /* Frameworks */,
				148395A82A664F24007B3704 /* Resources */,
				C1D27F32538E04D61E24B02D /* [CP] Embed Pods Frameworks */,
			);
			buildRules = (
			);
			dependencies = (
				148395AC2A664F24007B3704 /* PBXTargetDependency */,
			);
			name = HearthstoneUITests;
			productName = HearthstoneUITests;
			productReference = 148395AA2A664F24007B3704 /* HearthstoneUITests.xctest */;
			productType = "com.apple.product-type.bundle.ui-testing";
		};
/* End PBXNativeTarget section */

/* Begin PBXProject section */
		148395822A664F20007B3704 /* Project object */ = {
			isa = PBXProject;
			attributes = {
				BuildIndependentTargetsInParallel = 1;
				LastSwiftUpdateCheck = 1430;
				LastUpgradeCheck = 1430;
				TargetAttributes = {
					148395892A664F20007B3704 = {
						CreatedOnToolsVersion = 14.3.1;
					};
					1483959F2A664F24007B3704 = {
						CreatedOnToolsVersion = 14.3.1;
						TestTargetID = 148395892A664F20007B3704;
					};
					148395A92A664F24007B3704 = {
						CreatedOnToolsVersion = 14.3.1;
						TestTargetID = 148395892A664F20007B3704;
					};
				};
			};
			buildConfigurationList = 148395852A664F20007B3704 /* Build configuration list for PBXProject "Hearthstone" */;
			compatibilityVersion = "Xcode 14.0";
			developmentRegion = en;
			hasScannedForEncodings = 0;
			knownRegions = (
				en,
				Base,
			);
			mainGroup = 148395812A664F20007B3704;
			productRefGroup = 1483958B2A664F20007B3704 /* Products */;
			projectDirPath = "";
			projectRoot = "";
			targets = (
				148395892A664F20007B3704 /* Hearthstone */,
				1483959F2A664F24007B3704 /* HearthstoneTests */,
				148395A92A664F24007B3704 /* HearthstoneUITests */,
			);
		};
/* End PBXProject section */

/* Begin PBXResourcesBuildPhase section */
		148395882A664F20007B3704 /* Resources */ = {
			isa = PBXResourcesBuildPhase;
			buildActionMask = 2147483647;
			files = (
				1483959A2A664F24007B3704 /* LaunchScreen.storyboard in Resources */,
				148395972A664F24007B3704 /* Assets.xcassets in Resources */,
			);
			runOnlyForDeploymentPostprocessing = 0;
		};
		1483959E2A664F24007B3704 /* Resources */ = {
			isa = PBXResourcesBuildPhase;
			buildActionMask = 2147483647;
			files = (
			);
			runOnlyForDeploymentPostprocessing = 0;
		};
		148395A82A664F24007B3704 /* Resources */ = {
			isa = PBXResourcesBuildPhase;
			buildActionMask = 2147483647;
			files = (
			);
			runOnlyForDeploymentPostprocessing = 0;
		};
/* End PBXResourcesBuildPhase section */

/* Begin PBXShellScriptBuildPhase section */
		12DF84035392A3AEEA71AB92 /* [CP] Embed Pods Frameworks */ = {
			isa = PBXShellScriptBuildPhase;
			buildActionMask = 2147483647;
			files = (
			);
			inputFileListPaths = (
				"${PODS_ROOT}/Target Support Files/Pods-Hearthstone/Pods-Hearthstone-frameworks-${CONFIGURATION}-input-files.xcfilelist",
			);
			name = "[CP] Embed Pods Frameworks";
			outputFileListPaths = (
				"${PODS_ROOT}/Target Support Files/Pods-Hearthstone/Pods-Hearthstone-frameworks-${CONFIGURATION}-output-files.xcfilelist",
			);
			runOnlyForDeploymentPostprocessing = 0;
			shellPath = /bin/sh;
			shellScript = "\"${PODS_ROOT}/Target Support Files/Pods-Hearthstone/Pods-Hearthstone-frameworks.sh\"\n";
			showEnvVarsInLog = 0;
		};
		759A00B6BEBB8310689F02E7 /* [CP] Check Pods Manifest.lock */ = {
			isa = PBXShellScriptBuildPhase;
			buildActionMask = 2147483647;
			files = (
			);
			inputFileListPaths = (
			);
			inputPaths = (
				"${PODS_PODFILE_DIR_PATH}/Podfile.lock",
				"${PODS_ROOT}/Manifest.lock",
			);
			name = "[CP] Check Pods Manifest.lock";
			outputFileListPaths = (
			);
			outputPaths = (
				"$(DERIVED_FILE_DIR)/Pods-Hearthstone-checkManifestLockResult.txt",
			);
			runOnlyForDeploymentPostprocessing = 0;
			shellPath = /bin/sh;
			shellScript = "diff \"${PODS_PODFILE_DIR_PATH}/Podfile.lock\" \"${PODS_ROOT}/Manifest.lock\" > /dev/null\nif [ $? != 0 ] ; then\n    # print error to STDERR\n    echo \"error: The sandbox is not in sync with the Podfile.lock. Run 'pod install' or update your CocoaPods installation.\" >&2\n    exit 1\nfi\n# This output is used by Xcode 'outputs' to avoid re-running this script phase.\necho \"SUCCESS\" > \"${SCRIPT_OUTPUT_FILE_0}\"\n";
			showEnvVarsInLog = 0;
		};
		80D04D41BDB7BBEF956E55EA /* [CP] Embed Pods Frameworks */ = {
			isa = PBXShellScriptBuildPhase;
			buildActionMask = 2147483647;
			files = (
			);
			inputFileListPaths = (
				"${PODS_ROOT}/Target Support Files/Pods-HearthstoneTests/Pods-HearthstoneTests-frameworks-${CONFIGURATION}-input-files.xcfilelist",
			);
			name = "[CP] Embed Pods Frameworks";
			outputFileListPaths = (
				"${PODS_ROOT}/Target Support Files/Pods-HearthstoneTests/Pods-HearthstoneTests-frameworks-${CONFIGURATION}-output-files.xcfilelist",
			);
			runOnlyForDeploymentPostprocessing = 0;
			shellPath = /bin/sh;
			shellScript = "\"${PODS_ROOT}/Target Support Files/Pods-HearthstoneTests/Pods-HearthstoneTests-frameworks.sh\"\n";
			showEnvVarsInLog = 0;
		};
		C1D27F32538E04D61E24B02D /* [CP] Embed Pods Frameworks */ = {
			isa = PBXShellScriptBuildPhase;
			buildActionMask = 2147483647;
			files = (
			);
			inputFileListPaths = (
				"${PODS_ROOT}/Target Support Files/Pods-Hearthstone-HearthstoneUITests/Pods-Hearthstone-HearthstoneUITests-frameworks-${CONFIGURATION}-input-files.xcfilelist",
			);
			name = "[CP] Embed Pods Frameworks";
			outputFileListPaths = (
				"${PODS_ROOT}/Target Support Files/Pods-Hearthstone-HearthstoneUITests/Pods-Hearthstone-HearthstoneUITests-frameworks-${CONFIGURATION}-output-files.xcfilelist",
			);
			runOnlyForDeploymentPostprocessing = 0;
			shellPath = /bin/sh;
			shellScript = "\"${PODS_ROOT}/Target Support Files/Pods-Hearthstone-HearthstoneUITests/Pods-Hearthstone-HearthstoneUITests-frameworks.sh\"\n";
			showEnvVarsInLog = 0;
		};
		EC73CF4305C780F000A20CF7 /* [CP] Check Pods Manifest.lock */ = {
			isa = PBXShellScriptBuildPhase;
			buildActionMask = 2147483647;
			files = (
			);
			inputFileListPaths = (
			);
			inputPaths = (
				"${PODS_PODFILE_DIR_PATH}/Podfile.lock",
				"${PODS_ROOT}/Manifest.lock",
			);
			name = "[CP] Check Pods Manifest.lock";
			outputFileListPaths = (
			);
			outputPaths = (
				"$(DERIVED_FILE_DIR)/Pods-HearthstoneTests-checkManifestLockResult.txt",
			);
			runOnlyForDeploymentPostprocessing = 0;
			shellPath = /bin/sh;
			shellScript = "diff \"${PODS_PODFILE_DIR_PATH}/Podfile.lock\" \"${PODS_ROOT}/Manifest.lock\" > /dev/null\nif [ $? != 0 ] ; then\n    # print error to STDERR\n    echo \"error: The sandbox is not in sync with the Podfile.lock. Run 'pod install' or update your CocoaPods installation.\" >&2\n    exit 1\nfi\n# This output is used by Xcode 'outputs' to avoid re-running this script phase.\necho \"SUCCESS\" > \"${SCRIPT_OUTPUT_FILE_0}\"\n";
			showEnvVarsInLog = 0;
		};
		F3D193533F100DC353F4C27F /* [CP] Check Pods Manifest.lock */ = {
			isa = PBXShellScriptBuildPhase;
			buildActionMask = 2147483647;
			files = (
			);
			inputFileListPaths = (
			);
			inputPaths = (
				"${PODS_PODFILE_DIR_PATH}/Podfile.lock",
				"${PODS_ROOT}/Manifest.lock",
			);
			name = "[CP] Check Pods Manifest.lock";
			outputFileListPaths = (
			);
			outputPaths = (
				"$(DERIVED_FILE_DIR)/Pods-Hearthstone-HearthstoneUITests-checkManifestLockResult.txt",
			);
			runOnlyForDeploymentPostprocessing = 0;
			shellPath = /bin/sh;
			shellScript = "diff \"${PODS_PODFILE_DIR_PATH}/Podfile.lock\" \"${PODS_ROOT}/Manifest.lock\" > /dev/null\nif [ $? != 0 ] ; then\n    # print error to STDERR\n    echo \"error: The sandbox is not in sync with the Podfile.lock. Run 'pod install' or update your CocoaPods installation.\" >&2\n    exit 1\nfi\n# This output is used by Xcode 'outputs' to avoid re-running this script phase.\necho \"SUCCESS\" > \"${SCRIPT_OUTPUT_FILE_0}\"\n";
			showEnvVarsInLog = 0;
		};
/* End PBXShellScriptBuildPhase section */

/* Begin PBXSourcesBuildPhase section */
		148395862A664F20007B3704 /* Sources */ = {
			isa = PBXSourcesBuildPhase;
			buildActionMask = 2147483647;
			files = (
				148395EC2A665A01007B3704 /* NetworkError.swift in Sources */,
				148395E32A6654DD007B3704 /* DetailsModels.swift in Sources */,
				148395E52A6654DD007B3704 /* DetailsInteractor.swift in Sources */,
				148395E82A665834007B3704 /* NetworkProviderProtocol.swift in Sources */,
				148395F92A6A508D007B3704 /* CardCollectionViewCell.swift in Sources */,
				148395E22A6654DD007B3704 /* DetailsRouter.swift in Sources */,
				148395D22A6654B2007B3704 /* HomePresenter.swift in Sources */,
				1483958E2A664F20007B3704 /* AppDelegate.swift in Sources */,
				148395D32A6654B2007B3704 /* HomeWorker.swift in Sources */,
				148395D72A6654B2007B3704 /* HomeInteractor.swift in Sources */,
				148395EA2A66590A007B3704 /* AllCardsEndpoint.swift in Sources */,
				148395E12A6654DD007B3704 /* DetailsWorker.swift in Sources */,
				148395F62A6A3B45007B3704 /* Bundle+Extensions.swift in Sources */,
				148395EE2A665A25007B3704 /* NetworkProvider.swift in Sources */,
				148395F42A6A3046007B3704 /* UIView+Extensions.swift in Sources */,
				148395902A664F20007B3704 /* SceneDelegate.swift in Sources */,
				148395D52A6654B2007B3704 /* HomeModels.swift in Sources */,
				148395D62A6654B2007B3704 /* HomeViewController.swift in Sources */,
				148395D42A6654B2007B3704 /* HomeRouter.swift in Sources */,
				148395E42A6654DD007B3704 /* DetailsViewController.swift in Sources */,
				148395E02A6654DD007B3704 /* DetailsPresenter.swift in Sources */,
			);
			runOnlyForDeploymentPostprocessing = 0;
		};
		1483959C2A664F24007B3704 /* Sources */ = {
			isa = PBXSourcesBuildPhase;
			buildActionMask = 2147483647;
			files = (
				148395A52A664F24007B3704 /* HearthstoneTests.swift in Sources */,
			);
			runOnlyForDeploymentPostprocessing = 0;
		};
		148395A62A664F24007B3704 /* Sources */ = {
			isa = PBXSourcesBuildPhase;
			buildActionMask = 2147483647;
			files = (
				148395B12A664F24007B3704 /* HearthstoneUITestsLaunchTests.swift in Sources */,
				148395AF2A664F24007B3704 /* HearthstoneUITests.swift in Sources */,
			);
			runOnlyForDeploymentPostprocessing = 0;
		};
/* End PBXSourcesBuildPhase section */

/* Begin PBXTargetDependency section */
		148395A22A664F24007B3704 /* PBXTargetDependency */ = {
			isa = PBXTargetDependency;
			target = 148395892A664F20007B3704 /* Hearthstone */;
			targetProxy = 148395A12A664F24007B3704 /* PBXContainerItemProxy */;
		};
		148395AC2A664F24007B3704 /* PBXTargetDependency */ = {
			isa = PBXTargetDependency;
			target = 148395892A664F20007B3704 /* Hearthstone */;
			targetProxy = 148395AB2A664F24007B3704 /* PBXContainerItemProxy */;
		};
/* End PBXTargetDependency section */

/* Begin PBXVariantGroup section */
		148395982A664F24007B3704 /* LaunchScreen.storyboard */ = {
			isa = PBXVariantGroup;
			children = (
				148395992A664F24007B3704 /* Base */,
			);
			name = LaunchScreen.storyboard;
			sourceTree = "<group>";
		};
/* End PBXVariantGroup section */

/* Begin XCBuildConfiguration section */
		148395B22A664F24007B3704 /* Debug */ = {
			isa = XCBuildConfiguration;
			buildSettings = {
				ALWAYS_SEARCH_USER_PATHS = NO;
				CLANG_ANALYZER_NONNULL = YES;
				CLANG_ANALYZER_NUMBER_OBJECT_CONVERSION = YES_AGGRESSIVE;
				CLANG_CXX_LANGUAGE_STANDARD = "gnu++20";
				CLANG_ENABLE_MODULES = YES;
				CLANG_ENABLE_OBJC_ARC = YES;
				CLANG_ENABLE_OBJC_WEAK = YES;
				CLANG_WARN_BLOCK_CAPTURE_AUTORELEASING = YES;
				CLANG_WARN_BOOL_CONVERSION = YES;
				CLANG_WARN_COMMA = YES;
				CLANG_WARN_CONSTANT_CONVERSION = YES;
				CLANG_WARN_DEPRECATED_OBJC_IMPLEMENTATIONS = YES;
				CLANG_WARN_DIRECT_OBJC_ISA_USAGE = YES_ERROR;
				CLANG_WARN_DOCUMENTATION_COMMENTS = YES;
				CLANG_WARN_EMPTY_BODY = YES;
				CLANG_WARN_ENUM_CONVERSION = YES;
				CLANG_WARN_INFINITE_RECURSION = YES;
				CLANG_WARN_INT_CONVERSION = YES;
				CLANG_WARN_NON_LITERAL_NULL_CONVERSION = YES;
				CLANG_WARN_OBJC_IMPLICIT_RETAIN_SELF = YES;
				CLANG_WARN_OBJC_LITERAL_CONVERSION = YES;
				CLANG_WARN_OBJC_ROOT_CLASS = YES_ERROR;
				CLANG_WARN_QUOTED_INCLUDE_IN_FRAMEWORK_HEADER = YES;
				CLANG_WARN_RANGE_LOOP_ANALYSIS = YES;
				CLANG_WARN_STRICT_PROTOTYPES = YES;
				CLANG_WARN_SUSPICIOUS_MOVE = YES;
				CLANG_WARN_UNGUARDED_AVAILABILITY = YES_AGGRESSIVE;
				CLANG_WARN_UNREACHABLE_CODE = YES;
				CLANG_WARN__DUPLICATE_METHOD_MATCH = YES;
				COPY_PHASE_STRIP = NO;
				DEBUG_INFORMATION_FORMAT = dwarf;
				ENABLE_STRICT_OBJC_MSGSEND = YES;
				ENABLE_TESTABILITY = YES;
				GCC_C_LANGUAGE_STANDARD = gnu11;
				GCC_DYNAMIC_NO_PIC = NO;
				GCC_NO_COMMON_BLOCKS = YES;
				GCC_OPTIMIZATION_LEVEL = 0;
				GCC_PREPROCESSOR_DEFINITIONS = (
					"DEBUG=1",
					"$(inherited)",
				);
				GCC_WARN_64_TO_32_BIT_CONVERSION = YES;
				GCC_WARN_ABOUT_RETURN_TYPE = YES_ERROR;
				GCC_WARN_UNDECLARED_SELECTOR = YES;
				GCC_WARN_UNINITIALIZED_AUTOS = YES_AGGRESSIVE;
				GCC_WARN_UNUSED_FUNCTION = YES;
				GCC_WARN_UNUSED_VARIABLE = YES;
				IPHONEOS_DEPLOYMENT_TARGET = 16.4;
				MTL_ENABLE_DEBUG_INFO = INCLUDE_SOURCE;
				MTL_FAST_MATH = YES;
				ONLY_ACTIVE_ARCH = YES;
				SDKROOT = iphoneos;
				SWIFT_ACTIVE_COMPILATION_CONDITIONS = DEBUG;
				SWIFT_OPTIMIZATION_LEVEL = "-Onone";
			};
			name = Debug;
		};
		148395B32A664F24007B3704 /* Release */ = {
			isa = XCBuildConfiguration;
			buildSettings = {
				ALWAYS_SEARCH_USER_PATHS = NO;
				CLANG_ANALYZER_NONNULL = YES;
				CLANG_ANALYZER_NUMBER_OBJECT_CONVERSION = YES_AGGRESSIVE;
				CLANG_CXX_LANGUAGE_STANDARD = "gnu++20";
				CLANG_ENABLE_MODULES = YES;
				CLANG_ENABLE_OBJC_ARC = YES;
				CLANG_ENABLE_OBJC_WEAK = YES;
				CLANG_WARN_BLOCK_CAPTURE_AUTORELEASING = YES;
				CLANG_WARN_BOOL_CONVERSION = YES;
				CLANG_WARN_COMMA = YES;
				CLANG_WARN_CONSTANT_CONVERSION = YES;
				CLANG_WARN_DEPRECATED_OBJC_IMPLEMENTATIONS = YES;
				CLANG_WARN_DIRECT_OBJC_ISA_USAGE = YES_ERROR;
				CLANG_WARN_DOCUMENTATION_COMMENTS = YES;
				CLANG_WARN_EMPTY_BODY = YES;
				CLANG_WARN_ENUM_CONVERSION = YES;
				CLANG_WARN_INFINITE_RECURSION = YES;
				CLANG_WARN_INT_CONVERSION = YES;
				CLANG_WARN_NON_LITERAL_NULL_CONVERSION = YES;
				CLANG_WARN_OBJC_IMPLICIT_RETAIN_SELF = YES;
				CLANG_WARN_OBJC_LITERAL_CONVERSION = YES;
				CLANG_WARN_OBJC_ROOT_CLASS = YES_ERROR;
				CLANG_WARN_QUOTED_INCLUDE_IN_FRAMEWORK_HEADER = YES;
				CLANG_WARN_RANGE_LOOP_ANALYSIS = YES;
				CLANG_WARN_STRICT_PROTOTYPES = YES;
				CLANG_WARN_SUSPICIOUS_MOVE = YES;
				CLANG_WARN_UNGUARDED_AVAILABILITY = YES_AGGRESSIVE;
				CLANG_WARN_UNREACHABLE_CODE = YES;
				CLANG_WARN__DUPLICATE_METHOD_MATCH = YES;
				COPY_PHASE_STRIP = NO;
				DEBUG_INFORMATION_FORMAT = "dwarf-with-dsym";
				ENABLE_NS_ASSERTIONS = NO;
				ENABLE_STRICT_OBJC_MSGSEND = YES;
				GCC_C_LANGUAGE_STANDARD = gnu11;
				GCC_NO_COMMON_BLOCKS = YES;
				GCC_WARN_64_TO_32_BIT_CONVERSION = YES;
				GCC_WARN_ABOUT_RETURN_TYPE = YES_ERROR;
				GCC_WARN_UNDECLARED_SELECTOR = YES;
				GCC_WARN_UNINITIALIZED_AUTOS = YES_AGGRESSIVE;
				GCC_WARN_UNUSED_FUNCTION = YES;
				GCC_WARN_UNUSED_VARIABLE = YES;
				IPHONEOS_DEPLOYMENT_TARGET = 16.4;
				MTL_ENABLE_DEBUG_INFO = NO;
				MTL_FAST_MATH = YES;
				SDKROOT = iphoneos;
				SWIFT_COMPILATION_MODE = wholemodule;
				SWIFT_OPTIMIZATION_LEVEL = "-O";
				VALIDATE_PRODUCT = YES;
			};
			name = Release;
		};
		148395B52A664F24007B3704 /* Debug */ = {
			isa = XCBuildConfiguration;
			baseConfigurationReference = 0BB265AFBA70FAC63148275B /* Pods-Hearthstone.debug.xcconfig */;
			buildSettings = {
				API_KEY = 5c41435c63msh183d9e3129768a4p12e19ejsnd3dce1dcf0c9;
				ASSETCATALOG_COMPILER_APPICON_NAME = AppIcon;
				ASSETCATALOG_COMPILER_GLOBAL_ACCENT_COLOR_NAME = AccentColor;
				CODE_SIGN_STYLE = Automatic;
				CURRENT_PROJECT_VERSION = 1;
				DEVELOPMENT_TEAM = KTUAP2Z2QF;
				ENDPOINT = /cards;
				GENERATE_INFOPLIST_FILE = YES;
				HEADER_HOST_FIELD = "X-RapidAPI-Host";
				HEADER_KEY_FIELD = "X-RapidAPI-Key";
				HOST = "omgvamp-hearthstone-v1.p.rapidapi.com";
				INFOPLIST_FILE = Hearthstone/Resources/Info.plist;
				INFOPLIST_KEY_UIApplicationSupportsIndirectInputEvents = YES;
				INFOPLIST_KEY_UILaunchStoryboardName = LaunchScreen;
				INFOPLIST_KEY_UISupportedInterfaceOrientations = UIInterfaceOrientationPortrait;
				INFOPLIST_KEY_UISupportedInterfaceOrientations_iPad = "UIInterfaceOrientationLandscapeLeft UIInterfaceOrientationLandscapeRight UIInterfaceOrientationPortrait UIInterfaceOrientationPortraitUpsideDown";
				LD_RUNPATH_SEARCH_PATHS = (
					"$(inherited)",
					"@executable_path/Frameworks",
				);
				MARKETING_VERSION = 1.0;
				PRODUCT_BUNDLE_IDENTIFIER = com.njdevelopment.Hearthstone;
				PRODUCT_NAME = "$(TARGET_NAME)";
				SCHEME = https;
				SWIFT_EMIT_LOC_STRINGS = YES;
				SWIFT_VERSION = 5.0;
				TARGETED_DEVICE_FAMILY = "1,2";
				TITLE = "Hall of Fame";
			};
			name = Debug;
		};
		148395B62A664F24007B3704 /* Release */ = {
			isa = XCBuildConfiguration;
			baseConfigurationReference = 35944560623E930235B00E9B /* Pods-Hearthstone.release.xcconfig */;
			buildSettings = {
				API_KEY = 5c41435c63msh183d9e3129768a4p12e19ejsnd3dce1dcf0c9;
				ASSETCATALOG_COMPILER_APPICON_NAME = AppIcon;
				ASSETCATALOG_COMPILER_GLOBAL_ACCENT_COLOR_NAME = AccentColor;
				CODE_SIGN_STYLE = Automatic;
				CURRENT_PROJECT_VERSION = 1;
				DEVELOPMENT_TEAM = KTUAP2Z2QF;
				ENDPOINT = /cards;
				GENERATE_INFOPLIST_FILE = YES;
				HEADER_HOST_FIELD = "X-RapidAPI-Host";
				HEADER_KEY_FIELD = "X-RapidAPI-Key";
				HOST = "omgvamp-hearthstone-v1.p.rapidapi.com";
				INFOPLIST_FILE = Hearthstone/Resources/Info.plist;
				INFOPLIST_KEY_UIApplicationSupportsIndirectInputEvents = YES;
				INFOPLIST_KEY_UILaunchStoryboardName = LaunchScreen;
				INFOPLIST_KEY_UISupportedInterfaceOrientations = UIInterfaceOrientationPortrait;
				INFOPLIST_KEY_UISupportedInterfaceOrientations_iPad = "UIInterfaceOrientationLandscapeLeft UIInterfaceOrientationLandscapeRight UIInterfaceOrientationPortrait UIInterfaceOrientationPortraitUpsideDown";
				LD_RUNPATH_SEARCH_PATHS = (
					"$(inherited)",
					"@executable_path/Frameworks",
				);
				MARKETING_VERSION = 1.0;
				PRODUCT_BUNDLE_IDENTIFIER = com.njdevelopment.Hearthstone;
				PRODUCT_NAME = "$(TARGET_NAME)";
				SCHEME = https;
				SWIFT_EMIT_LOC_STRINGS = YES;
				SWIFT_VERSION = 5.0;
				TARGETED_DEVICE_FAMILY = "1,2";
				TITLE = "Hall of Fame";
			};
			name = Release;
		};
		148395B82A664F24007B3704 /* Debug */ = {
			isa = XCBuildConfiguration;
			baseConfigurationReference = 5A90C0B50EF2E80699581690 /* Pods-HearthstoneTests.debug.xcconfig */;
			buildSettings = {
				ALWAYS_EMBED_SWIFT_STANDARD_LIBRARIES = YES;
				BUNDLE_LOADER = "$(TEST_HOST)";
				CODE_SIGN_STYLE = Automatic;
				CURRENT_PROJECT_VERSION = 1;
				DEVELOPMENT_TEAM = KTUAP2Z2QF;
				GENERATE_INFOPLIST_FILE = YES;
				IPHONEOS_DEPLOYMENT_TARGET = 16.4;
				MARKETING_VERSION = 1.0;
				PRODUCT_BUNDLE_IDENTIFIER = com.njdevelopment.HearthstoneTests;
				PRODUCT_NAME = "$(TARGET_NAME)";
				SWIFT_EMIT_LOC_STRINGS = NO;
				SWIFT_VERSION = 5.0;
				TARGETED_DEVICE_FAMILY = "1,2";
				TEST_HOST = "$(BUILT_PRODUCTS_DIR)/Hearthstone.app/$(BUNDLE_EXECUTABLE_FOLDER_PATH)/Hearthstone";
			};
			name = Debug;
		};
		148395B92A664F24007B3704 /* Release */ = {
			isa = XCBuildConfiguration;
			baseConfigurationReference = 8C7368D4A07FB1A617B2DF56 /* Pods-HearthstoneTests.release.xcconfig */;
			buildSettings = {
				ALWAYS_EMBED_SWIFT_STANDARD_LIBRARIES = YES;
				BUNDLE_LOADER = "$(TEST_HOST)";
				CODE_SIGN_STYLE = Automatic;
				CURRENT_PROJECT_VERSION = 1;
				DEVELOPMENT_TEAM = KTUAP2Z2QF;
				GENERATE_INFOPLIST_FILE = YES;
				IPHONEOS_DEPLOYMENT_TARGET = 16.4;
				MARKETING_VERSION = 1.0;
				PRODUCT_BUNDLE_IDENTIFIER = com.njdevelopment.HearthstoneTests;
				PRODUCT_NAME = "$(TARGET_NAME)";
				SWIFT_EMIT_LOC_STRINGS = NO;
				SWIFT_VERSION = 5.0;
				TARGETED_DEVICE_FAMILY = "1,2";
				TEST_HOST = "$(BUILT_PRODUCTS_DIR)/Hearthstone.app/$(BUNDLE_EXECUTABLE_FOLDER_PATH)/Hearthstone";
			};
			name = Release;
		};
		148395BB2A664F24007B3704 /* Debug */ = {
			isa = XCBuildConfiguration;
			baseConfigurationReference = 3FB3ED9535A805F8AA636C46 /* Pods-Hearthstone-HearthstoneUITests.debug.xcconfig */;
			buildSettings = {
				ALWAYS_EMBED_SWIFT_STANDARD_LIBRARIES = YES;
				CODE_SIGN_STYLE = Automatic;
				CURRENT_PROJECT_VERSION = 1;
				DEVELOPMENT_TEAM = KTUAP2Z2QF;
				GENERATE_INFOPLIST_FILE = YES;
				MARKETING_VERSION = 1.0;
				PRODUCT_BUNDLE_IDENTIFIER = com.njdevelopment.HearthstoneUITests;
				PRODUCT_NAME = "$(TARGET_NAME)";
				SWIFT_EMIT_LOC_STRINGS = NO;
				SWIFT_VERSION = 5.0;
				TARGETED_DEVICE_FAMILY = "1,2";
				TEST_TARGET_NAME = Hearthstone;
			};
			name = Debug;
		};
		148395BC2A664F24007B3704 /* Release */ = {
			isa = XCBuildConfiguration;
			baseConfigurationReference = 059738D96F218390AD996A0C /* Pods-Hearthstone-HearthstoneUITests.release.xcconfig */;
			buildSettings = {
				ALWAYS_EMBED_SWIFT_STANDARD_LIBRARIES = YES;
				CODE_SIGN_STYLE = Automatic;
				CURRENT_PROJECT_VERSION = 1;
				DEVELOPMENT_TEAM = KTUAP2Z2QF;
				GENERATE_INFOPLIST_FILE = YES;
				MARKETING_VERSION = 1.0;
				PRODUCT_BUNDLE_IDENTIFIER = com.njdevelopment.HearthstoneUITests;
				PRODUCT_NAME = "$(TARGET_NAME)";
				SWIFT_EMIT_LOC_STRINGS = NO;
				SWIFT_VERSION = 5.0;
				TARGETED_DEVICE_FAMILY = "1,2";
				TEST_TARGET_NAME = Hearthstone;
			};
			name = Release;
		};
/* End XCBuildConfiguration section */

/* Begin XCConfigurationList section */
		148395852A664F20007B3704 /* Build configuration list for PBXProject "Hearthstone" */ = {
			isa = XCConfigurationList;
			buildConfigurations = (
				148395B22A664F24007B3704 /* Debug */,
				148395B32A664F24007B3704 /* Release */,
			);
			defaultConfigurationIsVisible = 0;
			defaultConfigurationName = Release;
		};
		148395B42A664F24007B3704 /* Build configuration list for PBXNativeTarget "Hearthstone" */ = {
			isa = XCConfigurationList;
			buildConfigurations = (
				148395B52A664F24007B3704 /* Debug */,
				148395B62A664F24007B3704 /* Release */,
			);
			defaultConfigurationIsVisible = 0;
			defaultConfigurationName = Release;
		};
		148395B72A664F24007B3704 /* Build configuration list for PBXNativeTarget "HearthstoneTests" */ = {
			isa = XCConfigurationList;
			buildConfigurations = (
				148395B82A664F24007B3704 /* Debug */,
				148395B92A664F24007B3704 /* Release */,
			);
			defaultConfigurationIsVisible = 0;
			defaultConfigurationName = Release;
		};
		148395BA2A664F24007B3704 /* Build configuration list for PBXNativeTarget "HearthstoneUITests" */ = {
			isa = XCConfigurationList;
			buildConfigurations = (
				148395BB2A664F24007B3704 /* Debug */,
				148395BC2A664F24007B3704 /* Release */,
			);
			defaultConfigurationIsVisible = 0;
			defaultConfigurationName = Release;
		};
/* End XCConfigurationList section */
	};
	rootObject = 148395822A664F20007B3704 /* Project object */;
}
